
Microsoft Visual Studio Solution File, Format Version 12.00
# Visual Studio 15
VisualStudioVersion = 15.0.27703.2026
MinimumVisualStudioVersion = 10.0.40219.1
Project("{FAE04EC0-301F-11D3-BF4B-00C04F79EFBC}") = "ASDF", "ASDF\ASDF.csproj", "{229F8BD5-A910-4BD2-A01F-CD2D5BEA7CAE}"
EndProject
Project("{FAE04EC0-301F-11D3-BF4B-00C04F79EFBC}") = "CharacterLibrary", "CharacterLibrary\CharacterLibrary.csproj", "{FC82C9A1-B2E3-4478-AF0D-B3A045C30A75}"
EndProject
Project("{FAE04EC0-301F-11D3-BF4B-00C04F79EFBC}") = "Map2DLibrary", "Map2DLibrary\Map2DLibrary.csproj", "{043258CE-7861-4E0E-A154-CCB9A6B6D9BD}"
EndProject
Project("{FAE04EC0-301F-11D3-BF4B-00C04F79EFBC}") = "MathLibrary", "MathLibrary\MathLibrary.csproj", "{133BE375-DFD6-45D4-B128-258370939482}"
EndProject
Project("{FAE04EC0-301F-11D3-BF4B-00C04F79EFBC}") = "InterestRateCalculator", "InterestRateCalculator\InterestRateCalculator.csproj", "{F73CE5F0-AB06-4D23-A9D7-0F2BEF5D1E7F}"
EndProject
Project("{FAE04EC0-301F-11D3-BF4B-00C04F79EFBC}") = "ServerSideProject", "ServerSideProject\ServerSideProject.csproj", "{CC20C1D7-7F88-4CE3-BE75-0EE0F35B941B}"
EndProject
Project("{FAE04EC0-301F-11D3-BF4B-00C04F79EFBC}") = "ClientSideProject", "ClientSideProject\ClientSideProject.csproj", "{B22D58C3-9828-42F6-8E16-5992D45EE4CF}"
EndProject
Project("{FAE04EC0-301F-11D3-BF4B-00C04F79EFBC}") = "ChessLibrary", "ChessLibrary\ChessLibrary.csproj", "{10BEB4F9-B7D6-4E35-BEDB-02E959B2A1DE}"
EndProject
Project("{FAE04EC0-301F-11D3-BF4B-00C04F79EFBC}") = "EscapeTheDungeon", "EscapeTheDungeon\EscapeTheDungeon.csproj", "{4AE3EF19-76F5-4131-9F6F-5AA7861C57C6}"
EndProject
Global
	GlobalSection(SolutionConfigurationPlatforms) = preSolution
		Debug|Any CPU = Debug|Any CPU
		Release|Any CPU = Release|Any CPU
	EndGlobalSection
	GlobalSection(ProjectConfigurationPlatforms) = postSolution
		{229F8BD5-A910-4BD2-A01F-CD2D5BEA7CAE}.Debug|Any CPU.ActiveCfg = Debug|Any CPU
		{229F8BD5-A910-4BD2-A01F-CD2D5BEA7CAE}.Debug|Any CPU.Build.0 = Debug|Any CPU
		{229F8BD5-A910-4BD2-A01F-CD2D5BEA7CAE}.Release|Any CPU.ActiveCfg = Release|Any CPU
		{229F8BD5-A910-4BD2-A01F-CD2D5BEA7CAE}.Release|Any CPU.Build.0 = Release|Any CPU
		{FC82C9A1-B2E3-4478-AF0D-B3A045C30A75}.Debug|Any CPU.ActiveCfg = Debug|Any CPU
		{FC82C9A1-B2E3-4478-AF0D-B3A045C30A75}.Debug|Any CPU.Build.0 = Debug|Any CPU
		{FC82C9A1-B2E3-4478-AF0D-B3A045C30A75}.Release|Any CPU.ActiveCfg = Release|Any CPU
		{FC82C9A1-B2E3-4478-AF0D-B3A045C30A75}.Release|Any CPU.Build.0 = Release|Any CPU
		{043258CE-7861-4E0E-A154-CCB9A6B6D9BD}.Debug|Any CPU.ActiveCfg = Debug|Any CPU
		{043258CE-7861-4E0E-A154-CCB9A6B6D9BD}.Debug|Any CPU.Build.0 = Debug|Any CPU
		{043258CE-7861-4E0E-A154-CCB9A6B6D9BD}.Release|Any CPU.ActiveCfg = Release|Any CPU
		{043258CE-7861-4E0E-A154-CCB9A6B6D9BD}.Release|Any CPU.Build.0 = Release|Any CPU
		{133BE375-DFD6-45D4-B128-258370939482}.Debug|Any CPU.ActiveCfg = Debug|Any CPU
		{133BE375-DFD6-45D4-B128-258370939482}.Debug|Any CPU.Build.0 = Debug|Any CPU
		{133BE375-DFD6-45D4-B128-258370939482}.Release|Any CPU.ActiveCfg = Release|Any CPU
		{133BE375-DFD6-45D4-B128-258370939482}.Release|Any CPU.Build.0 = Release|Any CPU
		{F73CE5F0-AB06-4D23-A9D7-0F2BEF5D1E7F}.Debug|Any CPU.ActiveCfg = Debug|Any CPU
		{F73CE5F0-AB06-4D23-A9D7-0F2BEF5D1E7F}.Debug|Any CPU.Build.0 = Debug|Any CPU
		{F73CE5F0-AB06-4D23-A9D7-0F2BEF5D1E7F}.Release|Any CPU.ActiveCfg = Release|Any CPU
		{F73CE5F0-AB06-4D23-A9D7-0F2BEF5D1E7F}.Release|Any CPU.Build.0 = Release|Any CPU
		{CC20C1D7-7F88-4CE3-BE75-0EE0F35B941B}.Debug|Any CPU.ActiveCfg = Debug|Any CPU
		{CC20C1D7-7F88-4CE3-BE75-0EE0F35B941B}.Debug|Any CPU.Build.0 = Debug|Any CPU
		{CC20C1D7-7F88-4CE3-BE75-0EE0F35B941B}.Release|Any CPU.ActiveCfg = Release|Any CPU
		{CC20C1D7-7F88-4CE3-BE75-0EE0F35B941B}.Release|Any CPU.Build.0 = Release|Any CPU
		{B22D58C3-9828-42F6-8E16-5992D45EE4CF}.Debug|Any CPU.ActiveCfg = Debug|Any CPU
		{B22D58C3-9828-42F6-8E16-5992D45EE4CF}.Debug|Any CPU.Build.0 = Debug|Any CPU
		{B22D58C3-9828-42F6-8E16-5992D45EE4CF}.Release|Any CPU.ActiveCfg = Release|Any CPU
		{B22D58C3-9828-42F6-8E16-5992D45EE4CF}.Release|Any CPU.Build.0 = Release|Any CPU
		{10BEB4F9-B7D6-4E35-BEDB-02E959B2A1DE}.Debug|Any CPU.ActiveCfg = Debug|Any CPU
		{10BEB4F9-B7D6-4E35-BEDB-02E959B2A1DE}.Debug|Any CPU.Build.0 = Debug|Any CPU
		{10BEB4F9-B7D6-4E35-BEDB-02E959B2A1DE}.Release|Any CPU.ActiveCfg = Release|Any CPU
		{10BEB4F9-B7D6-4E35-BEDB-02E959B2A1DE}.Release|Any CPU.Build.0 = Release|Any CPU
		{4AE3EF19-76F5-4131-9F6F-5AA7861C57C6}.Debug|Any CPU.ActiveCfg = Debug|Any CPU
		{4AE3EF19-76F5-4131-9F6F-5AA7861C57C6}.Debug|Any CPU.Build.0 = Debug|Any CPU
		{4AE3EF19-76F5-4131-9F6F-5AA7861C57C6}.Release|Any CPU.ActiveCfg = Release|Any CPU
		{4AE3EF19-76F5-4131-9F6F-5AA7861C57C6}.Release|Any CPU.Build.0 = Release|Any CPU
	EndGlobalSection
	GlobalSection(SolutionProperties) = preSolution
		HideSolutionNode = FALSE
	EndGlobalSection
	GlobalSection(ExtensibilityGlobals) = postSolution
		SolutionGuid = {C1662A87-FBAC-4295-8F05-E2FE9517DEEE}
	EndGlobalSection
EndGlobal
